{"1.1.0",
[{<<"epgsql">>,{pkg,<<"epgsql">>,<<"3.2.0">>},0},
 {<<"goldrush">>,{pkg,<<"goldrush">>,<<"0.1.8">>},1},
 {<<"lager">>,{pkg,<<"lager">>,<<"3.2.1">>},0},
 {<<"poolboy">>,{pkg,<<"poolboy">>,<<"1.4.2">>},0}]}.
[
{pkg_hash,[
 {<<"epgsql">>, <<"2277244364628CCFC271A843F4B014729D0799BCB99B70C2216BCFD6DD6B409E">>},
 {<<"goldrush">>, <<"2024BA375CEEA47E27EA70E14D2C483B2D8610101B4E852EF7F89163CDB6E649">>},
 {<<"lager">>, <<"EEF4E18B39E4195D37606D9088EA05BF1B745986CF8EC84F01D332456FE88D17">>},
 {<<"poolboy">>, <<"619519C7708DD001CE9B61908218D03FF582C3BA44A1E129D694376C2B332D87">>}]}
].
